
Microsoft Visual Studio Solution File, Format Version 12.00
# Visual Studio Version 17
VisualStudioVersion = 17.6.33801.468
MinimumVisualStudioVersion = 10.0.40219.1
Project("{FAE04EC0-301F-11D3-BF4B-00C04F79EFBC}") = "CQRSProject", "CQRSProject\CQRSProject.csproj", "{AED1736B-EC00-4D57-B5EE-592DE02E6DC2}"
EndProject
Global
	GlobalSection(SolutionConfigurationPlatforms) = preSolution
		Debug|Any CPU = Debug|Any CPU
		Release|Any CPU = Release|Any CPU
	EndGlobalSection
	GlobalSection(ProjectConfigurationPlatforms) = postSolution
		{AED1736B-EC00-4D57-B5EE-592DE02E6DC2}.Debug|Any CPU.ActiveCfg = Debug|Any CPU
		{AED1736B-EC00-4D57-B5EE-592DE02E6DC2}.Debug|Any CPU.Build.0 = Debug|Any CPU
		{AED1736B-EC00-4D57-B5EE-592DE02E6DC2}.Release|Any CPU.ActiveCfg = Release|Any CPU
		{AED1736B-EC00-4D57-B5EE-592DE02E6DC2}.Release|Any CPU.Build.0 = Release|Any CPU
	EndGlobalSection
	GlobalSection(SolutionProperties) = preSolution
		HideSolutionNode = FALSE
	EndGlobalSection
	GlobalSection(ExtensibilityGlobals) = postSolution
		SolutionGuid = {002D9474-CA17-4F11-BC0A-E9A11CE442D6}
	EndGlobalSection
EndGlobal
